
Microsoft Visual Studio Solution File, Format Version 12.00
# Visual Studio 2012
Project("{FAE04EC0-301F-11D3-BF4B-00C04F79EFBC}") = "UdpSample", "UdpSample\UdpSample.csproj", "{222A4978-8E83-4EA7-8103-FF7284C354CA}"
EndProject
Global
	GlobalSection(SolutionConfigurationPlatforms) = preSolution
		Debug|Any CPU = Debug|Any CPU
		Release|Any CPU = Release|Any CPU
	EndGlobalSection
	GlobalSection(ProjectConfigurationPlatforms) = postSolution
		{222A4978-8E83-4EA7-8103-FF7284C354CA}.Debug|Any CPU.ActiveCfg = Debug|Any CPU
		{222A4978-8E83-4EA7-8103-FF7284C354CA}.Debug|Any CPU.Build.0 = Debug|Any CPU
		{222A4978-8E83-4EA7-8103-FF7284C354CA}.Release|Any CPU.ActiveCfg = Release|Any CPU
		{222A4978-8E83-4EA7-8103-FF7284C354CA}.Release|Any CPU.Build.0 = Release|Any CPU
	EndGlobalSection
	GlobalSection(SolutionProperties) = preSolution
		HideSolutionNode = FALSE
	EndGlobalSection
EndGlobal
